
Microsoft Visual Studio Solution File, Format Version 12.00
# Visual Studio 15
VisualStudioVersion = 15.0.26124.0
MinimumVisualStudioVersion = 15.0.26124.0
Project("{FAE04EC0-301F-11D3-BF4B-00C04F79EFBC}") = "API", "API\API.csproj", "{7312BF26-1DD4-42C0-8CB7-BDEE93C9ED18}"
EndProject
Project("{FAE04EC0-301F-11D3-BF4B-00C04F79EFBC}") = "Application", "Application\Application.csproj", "{BB627178-3014-42AD-AC96-CFA87BE52ABE}"
EndProject
Project("{FAE04EC0-301F-11D3-BF4B-00C04F79EFBC}") = "Persistence", "Persistence\Persistence.csproj", "{9A30790F-4F5F-4791-A86B-113CE218E20C}"
EndProject
Project("{FAE04EC0-301F-11D3-BF4B-00C04F79EFBC}") = "Domain", "Domain\Domain.csproj", "{7C542577-C57F-4DC2-BA55-7F512215EADC}"
EndProject
Global
	GlobalSection(SolutionConfigurationPlatforms) = preSolution
		Debug|Any CPU = Debug|Any CPU
		Debug|x64 = Debug|x64
		Debug|x86 = Debug|x86
		Release|Any CPU = Release|Any CPU
		Release|x64 = Release|x64
		Release|x86 = Release|x86
	EndGlobalSection
	GlobalSection(SolutionProperties) = preSolution
		HideSolutionNode = FALSE
	EndGlobalSection
	GlobalSection(ProjectConfigurationPlatforms) = postSolution
		{7312BF26-1DD4-42C0-8CB7-BDEE93C9ED18}.Debug|Any CPU.ActiveCfg = Debug|Any CPU
		{7312BF26-1DD4-42C0-8CB7-BDEE93C9ED18}.Debug|Any CPU.Build.0 = Debug|Any CPU
		{7312BF26-1DD4-42C0-8CB7-BDEE93C9ED18}.Debug|x64.ActiveCfg = Debug|Any CPU
		{7312BF26-1DD4-42C0-8CB7-BDEE93C9ED18}.Debug|x64.Build.0 = Debug|Any CPU
		{7312BF26-1DD4-42C0-8CB7-BDEE93C9ED18}.Debug|x86.ActiveCfg = Debug|Any CPU
		{7312BF26-1DD4-42C0-8CB7-BDEE93C9ED18}.Debug|x86.Build.0 = Debug|Any CPU
		{7312BF26-1DD4-42C0-8CB7-BDEE93C9ED18}.Release|Any CPU.ActiveCfg = Release|Any CPU
		{7312BF26-1DD4-42C0-8CB7-BDEE93C9ED18}.Release|Any CPU.Build.0 = Release|Any CPU
		{7312BF26-1DD4-42C0-8CB7-BDEE93C9ED18}.Release|x64.ActiveCfg = Release|Any CPU
		{7312BF26-1DD4-42C0-8CB7-BDEE93C9ED18}.Release|x64.Build.0 = Release|Any CPU
		{7312BF26-1DD4-42C0-8CB7-BDEE93C9ED18}.Release|x86.ActiveCfg = Release|Any CPU
		{7312BF26-1DD4-42C0-8CB7-BDEE93C9ED18}.Release|x86.Build.0 = Release|Any CPU
		{BB627178-3014-42AD-AC96-CFA87BE52ABE}.Debug|Any CPU.ActiveCfg = Debug|Any CPU
		{BB627178-3014-42AD-AC96-CFA87BE52ABE}.Debug|Any CPU.Build.0 = Debug|Any CPU
		{BB627178-3014-42AD-AC96-CFA87BE52ABE}.Debug|x64.ActiveCfg = Debug|Any CPU
		{BB627178-3014-42AD-AC96-CFA87BE52ABE}.Debug|x64.Build.0 = Debug|Any CPU
		{BB627178-3014-42AD-AC96-CFA87BE52ABE}.Debug|x86.ActiveCfg = Debug|Any CPU
		{BB627178-3014-42AD-AC96-CFA87BE52ABE}.Debug|x86.Build.0 = Debug|Any CPU
		{BB627178-3014-42AD-AC96-CFA87BE52ABE}.Release|Any CPU.ActiveCfg = Release|Any CPU
		{BB627178-3014-42AD-AC96-CFA87BE52ABE}.Release|Any CPU.Build.0 = Release|Any CPU
		{BB627178-3014-42AD-AC96-CFA87BE52ABE}.Release|x64.ActiveCfg = Release|Any CPU
		{BB627178-3014-42AD-AC96-CFA87BE52ABE}.Release|x64.Build.0 = Release|Any CPU
		{BB627178-3014-42AD-AC96-CFA87BE52ABE}.Release|x86.ActiveCfg = Release|Any CPU
		{BB627178-3014-42AD-AC96-CFA87BE52ABE}.Release|x86.Build.0 = Release|Any CPU
		{9A30790F-4F5F-4791-A86B-113CE218E20C}.Debug|Any CPU.ActiveCfg = Debug|Any CPU
		{9A30790F-4F5F-4791-A86B-113CE218E20C}.Debug|Any CPU.Build.0 = Debug|Any CPU
		{9A30790F-4F5F-4791-A86B-113CE218E20C}.Debug|x64.ActiveCfg = Debug|Any CPU
		{9A30790F-4F5F-4791-A86B-113CE218E20C}.Debug|x64.Build.0 = Debug|Any CPU
		{9A30790F-4F5F-4791-A86B-113CE218E20C}.Debug|x86.ActiveCfg = Debug|Any CPU
		{9A30790F-4F5F-4791-A86B-113CE218E20C}.Debug|x86.Build.0 = Debug|Any CPU
		{9A30790F-4F5F-4791-A86B-113CE218E20C}.Release|Any CPU.ActiveCfg = Release|Any CPU
		{9A30790F-4F5F-4791-A86B-113CE218E20C}.Release|Any CPU.Build.0 = Release|Any CPU
		{9A30790F-4F5F-4791-A86B-113CE218E20C}.Release|x64.ActiveCfg = Release|Any CPU
		{9A30790F-4F5F-4791-A86B-113CE218E20C}.Release|x64.Build.0 = Release|Any CPU
		{9A30790F-4F5F-4791-A86B-113CE218E20C}.Release|x86.ActiveCfg = Release|Any CPU
		{9A30790F-4F5F-4791-A86B-113CE218E20C}.Release|x86.Build.0 = Release|Any CPU
		{7C542577-C57F-4DC2-BA55-7F512215EADC}.Debug|Any CPU.ActiveCfg = Debug|Any CPU
		{7C542577-C57F-4DC2-BA55-7F512215EADC}.Debug|Any CPU.Build.0 = Debug|Any CPU
		{7C542577-C57F-4DC2-BA55-7F512215EADC}.Debug|x64.ActiveCfg = Debug|Any CPU
		{7C542577-C57F-4DC2-BA55-7F512215EADC}.Debug|x64.Build.0 = Debug|Any CPU
		{7C542577-C57F-4DC2-BA55-7F512215EADC}.Debug|x86.ActiveCfg = Debug|Any CPU
		{7C542577-C57F-4DC2-BA55-7F512215EADC}.Debug|x86.Build.0 = Debug|Any CPU
		{7C542577-C57F-4DC2-BA55-7F512215EADC}.Release|Any CPU.ActiveCfg = Release|Any CPU
		{7C542577-C57F-4DC2-BA55-7F512215EADC}.Release|Any CPU.Build.0 = Release|Any CPU
		{7C542577-C57F-4DC2-BA55-7F512215EADC}.Release|x64.ActiveCfg = Release|Any CPU
		{7C542577-C57F-4DC2-BA55-7F512215EADC}.Release|x64.Build.0 = Release|Any CPU
		{7C542577-C57F-4DC2-BA55-7F512215EADC}.Release|x86.ActiveCfg = Release|Any CPU
		{7C542577-C57F-4DC2-BA55-7F512215EADC}.Release|x86.Build.0 = Release|Any CPU
	EndGlobalSection
EndGlobal
